// !$*UTF8*$!
{
	archiveVersion = 1;
	classes = {
	};
	objectVersion = 50;
	objects = {

/* Begin PBXBuildFile section */
		058557BB273AAA24004C7B11 /* Assets.xcassets in Resources */ = {isa = PBXBuildFile; fileRef = 058557BA273AAA24004C7B11 /* Assets.xcassets */; };
		058557D9273AAEEB004C7B11 /* Preview Assets.xcassets in Resources */ = {isa = PBXBuildFile; fileRef = 058557D8273AAEEB004C7B11 /* Preview Assets.xcassets */; };
		2152FB042600AC8F00CF470E /* iOSApp.swift in Sources */ = {isa = PBXBuildFile; fileRef = 2152FB032600AC8F00CF470E /* iOSApp.swift */; };
		842E388C27CB9CBD000BF352 /* Colors.swift in Sources */ = {isa = PBXBuildFile; fileRef = 842E388B27CB9CBD000BF352 /* Colors.swift */; };
		842E389127CBABB8000BF352 /* View+Extensions.swift in Sources */ = {isa = PBXBuildFile; fileRef = 842E389027CBABB8000BF352 /* View+Extensions.swift */; };
		842E389527CBFB8E000BF352 /* Images.swift in Sources */ = {isa = PBXBuildFile; fileRef = 842E389427CBFB8E000BF352 /* Images.swift */; };
		843D698627D769C900DEA4AD /* ChangeableWrapper.swift in Sources */ = {isa = PBXBuildFile; fileRef = 843D698527D769C900DEA4AD /* ChangeableWrapper.swift */; };
		843D698827D76A6400DEA4AD /* Changeable.swift in Sources */ = {isa = PBXBuildFile; fileRef = 843D698727D76A6400DEA4AD /* Changeable.swift */; };
		8451D4D927CEA8E4005FC01E /* ReceiptImageView.swift in Sources */ = {isa = PBXBuildFile; fileRef = 8451D4D827CEA8E4005FC01E /* ReceiptImageView.swift */; };
		8451D4DB27CEAB8A005FC01E /* SimpleRecipeView.swift in Sources */ = {isa = PBXBuildFile; fileRef = 8451D4DA27CEAB8A005FC01E /* SimpleRecipeView.swift */; };
		8467FDC027DBCFF60088A20B /* TimerView.swift in Sources */ = {isa = PBXBuildFile; fileRef = 8467FDBF27DBCFF60088A20B /* TimerView.swift */; };
		8467FDC227DBDBE50088A20B /* TimeSelectionView.swift in Sources */ = {isa = PBXBuildFile; fileRef = 8467FDC127DBDBE50088A20B /* TimeSelectionView.swift */; };
		8467FDCB27DC8EBC0088A20B /* SimpleRecipe.swift in Sources */ = {isa = PBXBuildFile; fileRef = 8467FDCA27DC8EBC0088A20B /* SimpleRecipe.swift */; };
		8467FDCD27DC93F00088A20B /* SimpleRecipeViewModel.swift in Sources */ = {isa = PBXBuildFile; fileRef = 8467FDCC27DC93F00088A20B /* SimpleRecipeViewModel.swift */; };
		8467FDD027DC977D0088A20B /* Model.swift in Sources */ = {isa = PBXBuildFile; fileRef = 8467FDCF27DC977D0088A20B /* Model.swift */; };
		8467FDD827DCAAA60088A20B /* Flow.swift in Sources */ = {isa = PBXBuildFile; fileRef = 8467FDD727DCAAA60088A20B /* Flow.swift */; };
		8467FDDA27DCAAF80088A20B /* FlowController.swift in Sources */ = {isa = PBXBuildFile; fileRef = 8467FDD927DCAAF80088A20B /* FlowController.swift */; };
		8467FDDC27DCAB430088A20B /* FlowControllerView.swift in Sources */ = {isa = PBXBuildFile; fileRef = 8467FDDB27DCAB430088A20B /* FlowControllerView.swift */; };
		8467FDE627DCC2900088A20B /* CategoriesReceiptsListView.swift in Sources */ = {isa = PBXBuildFile; fileRef = 8467FDDE27DCC2900088A20B /* CategoriesReceiptsListView.swift */; };
		8467FDE727DCC2900088A20B /* Receipt.swift in Sources */ = {isa = PBXBuildFile; fileRef = 8467FDE027DCC2900088A20B /* Receipt.swift */; };
		8467FDE827DCC2900088A20B /* ReceiptListItemView.swift in Sources */ = {isa = PBXBuildFile; fileRef = 8467FDE227DCC2900088A20B /* ReceiptListItemView.swift */; };
		8467FDE927DCC2900088A20B /* ReceiptsViewModel.swift in Sources */ = {isa = PBXBuildFile; fileRef = 8467FDE327DCC2900088A20B /* ReceiptsViewModel.swift */; };
		8467FDEA27DCC2900088A20B /* ReceiptsListModel.swift in Sources */ = {isa = PBXBuildFile; fileRef = 8467FDE427DCC2900088A20B /* ReceiptsListModel.swift */; };
		8467FDED27DCC4560088A20B /* TimerViewModel.swift in Sources */ = {isa = PBXBuildFile; fileRef = 8467FDEC27DCC4560088A20B /* TimerViewModel.swift */; };
		8467FDEF27DCC8620088A20B /* TimeSelectionViewModel.swift in Sources */ = {isa = PBXBuildFile; fileRef = 8467FDEE27DCC8620088A20B /* TimeSelectionViewModel.swift */; };
		8467FDF127DCF6DA0088A20B /* Observer.swift in Sources */ = {isa = PBXBuildFile; fileRef = 8467FDF027DCF6DA0088A20B /* Observer.swift */; };
		8467FDF427DE04FA0088A20B /* ReceiptsListView.swift in Sources */ = {isa = PBXBuildFile; fileRef = 8467FDF327DE04FA0088A20B /* ReceiptsListView.swift */; };
		8467FDF627DE05820088A20B /* FavouritesReceiptsView.swift in Sources */ = {isa = PBXBuildFile; fileRef = 8467FDF527DE05820088A20B /* FavouritesReceiptsView.swift */; };
		8467FDF827DE059D0088A20B /* FavoutitesReceiptsViewModel.swift in Sources */ = {isa = PBXBuildFile; fileRef = 8467FDF727DE059D0088A20B /* FavoutitesReceiptsViewModel.swift */; };
		8467FDFA27DE0B820088A20B /* BaseViewModel.swift in Sources */ = {isa = PBXBuildFile; fileRef = 8467FDF927DE0B820088A20B /* BaseViewModel.swift */; };
		8467FDFC27DE26530088A20B /* IngredientsListView.swift in Sources */ = {isa = PBXBuildFile; fileRef = 8467FDFB27DE26530088A20B /* IngredientsListView.swift */; };
		8467FDFF27DE34130088A20B /* IngredientsCartView.swift in Sources */ = {isa = PBXBuildFile; fileRef = 8467FDFE27DE34130088A20B /* IngredientsCartView.swift */; };
		8467FE0127DE34320088A20B /* IngredientsCartViewModel.swift in Sources */ = {isa = PBXBuildFile; fileRef = 8467FE0027DE34320088A20B /* IngredientsCartViewModel.swift */; };
/* End PBXBuildFile section */

/* Begin PBXCopyFilesBuildPhase section */
		7555FFB4242A642300829871 /* Embed Frameworks */ = {
			isa = PBXCopyFilesBuildPhase;
			buildActionMask = 2147483647;
			dstPath = "";
			dstSubfolderSpec = 10;
			files = (
			);
			name = "Embed Frameworks";
			runOnlyForDeploymentPostprocessing = 0;
		};
/* End PBXCopyFilesBuildPhase section */

/* Begin PBXFileReference section */
		058557BA273AAA24004C7B11 /* Assets.xcassets */ = {isa = PBXFileReference; lastKnownFileType = folder.assetcatalog; path = Assets.xcassets; sourceTree = "<group>"; };
		058557D8273AAEEB004C7B11 /* Preview Assets.xcassets */ = {isa = PBXFileReference; lastKnownFileType = folder.assetcatalog; path = "Preview Assets.xcassets"; sourceTree = "<group>"; };
		2152FB032600AC8F00CF470E /* iOSApp.swift */ = {isa = PBXFileReference; lastKnownFileType = sourcecode.swift; path = iOSApp.swift; sourceTree = "<group>"; };
		7555FF7B242A565900829871 /* iosApp.app */ = {isa = PBXFileReference; explicitFileType = wrapper.application; includeInIndex = 0; path = iosApp.app; sourceTree = BUILT_PRODUCTS_DIR; };
		7555FF8C242A565B00829871 /* Info.plist */ = {isa = PBXFileReference; lastKnownFileType = text.plist.xml; path = Info.plist; sourceTree = "<group>"; };
		842E388B27CB9CBD000BF352 /* Colors.swift */ = {isa = PBXFileReference; lastKnownFileType = sourcecode.swift; path = Colors.swift; sourceTree = "<group>"; };
		842E389027CBABB8000BF352 /* View+Extensions.swift */ = {isa = PBXFileReference; lastKnownFileType = sourcecode.swift; path = "View+Extensions.swift"; sourceTree = "<group>"; };
		842E389427CBFB8E000BF352 /* Images.swift */ = {isa = PBXFileReference; lastKnownFileType = sourcecode.swift; path = Images.swift; sourceTree = "<group>"; };
		843D698527D769C900DEA4AD /* ChangeableWrapper.swift */ = {isa = PBXFileReference; lastKnownFileType = sourcecode.swift; path = ChangeableWrapper.swift; sourceTree = "<group>"; };
		843D698727D76A6400DEA4AD /* Changeable.swift */ = {isa = PBXFileReference; lastKnownFileType = sourcecode.swift; path = Changeable.swift; sourceTree = "<group>"; };
		8451D4D827CEA8E4005FC01E /* ReceiptImageView.swift */ = {isa = PBXFileReference; lastKnownFileType = sourcecode.swift; path = ReceiptImageView.swift; sourceTree = "<group>"; };
		8451D4DA27CEAB8A005FC01E /* SimpleRecipeView.swift */ = {isa = PBXFileReference; lastKnownFileType = sourcecode.swift; path = SimpleRecipeView.swift; sourceTree = "<group>"; };
		8467FDBF27DBCFF60088A20B /* TimerView.swift */ = {isa = PBXFileReference; lastKnownFileType = sourcecode.swift; path = TimerView.swift; sourceTree = "<group>"; };
		8467FDC127DBDBE50088A20B /* TimeSelectionView.swift */ = {isa = PBXFileReference; lastKnownFileType = sourcecode.swift; path = TimeSelectionView.swift; sourceTree = "<group>"; };
		8467FDCA27DC8EBC0088A20B /* SimpleRecipe.swift */ = {isa = PBXFileReference; lastKnownFileType = sourcecode.swift; path = SimpleRecipe.swift; sourceTree = "<group>"; };
		8467FDCC27DC93F00088A20B /* SimpleRecipeViewModel.swift */ = {isa = PBXFileReference; lastKnownFileType = sourcecode.swift; path = SimpleRecipeViewModel.swift; sourceTree = "<group>"; };
		8467FDCF27DC977D0088A20B /* Model.swift */ = {isa = PBXFileReference; lastKnownFileType = sourcecode.swift; path = Model.swift; sourceTree = "<group>"; };
		8467FDD727DCAAA60088A20B /* Flow.swift */ = {isa = PBXFileReference; lastKnownFileType = sourcecode.swift; path = Flow.swift; sourceTree = "<group>"; };
		8467FDD927DCAAF80088A20B /* FlowController.swift */ = {isa = PBXFileReference; lastKnownFileType = sourcecode.swift; path = FlowController.swift; sourceTree = "<group>"; };
		8467FDDB27DCAB430088A20B /* FlowControllerView.swift */ = {isa = PBXFileReference; lastKnownFileType = sourcecode.swift; path = FlowControllerView.swift; sourceTree = "<group>"; };
		8467FDDE27DCC2900088A20B /* CategoriesReceiptsListView.swift */ = {isa = PBXFileReference; fileEncoding = 4; lastKnownFileType = sourcecode.swift; path = CategoriesReceiptsListView.swift; sourceTree = "<group>"; };
		8467FDE027DCC2900088A20B /* Receipt.swift */ = {isa = PBXFileReference; fileEncoding = 4; lastKnownFileType = sourcecode.swift; path = Receipt.swift; sourceTree = "<group>"; };
		8467FDE227DCC2900088A20B /* ReceiptListItemView.swift */ = {isa = PBXFileReference; fileEncoding = 4; lastKnownFileType = sourcecode.swift; path = ReceiptListItemView.swift; sourceTree = "<group>"; };
		8467FDE327DCC2900088A20B /* ReceiptsViewModel.swift */ = {isa = PBXFileReference; fileEncoding = 4; lastKnownFileType = sourcecode.swift; path = ReceiptsViewModel.swift; sourceTree = "<group>"; };
		8467FDE427DCC2900088A20B /* ReceiptsListModel.swift */ = {isa = PBXFileReference; fileEncoding = 4; lastKnownFileType = sourcecode.swift; path = ReceiptsListModel.swift; sourceTree = "<group>"; };
		8467FDEC27DCC4560088A20B /* TimerViewModel.swift */ = {isa = PBXFileReference; lastKnownFileType = sourcecode.swift; path = TimerViewModel.swift; sourceTree = "<group>"; };
		8467FDEE27DCC8620088A20B /* TimeSelectionViewModel.swift */ = {isa = PBXFileReference; lastKnownFileType = sourcecode.swift; path = TimeSelectionViewModel.swift; sourceTree = "<group>"; };
		8467FDF027DCF6DA0088A20B /* Observer.swift */ = {isa = PBXFileReference; lastKnownFileType = sourcecode.swift; path = Observer.swift; sourceTree = "<group>"; };
		8467FDF327DE04FA0088A20B /* ReceiptsListView.swift */ = {isa = PBXFileReference; lastKnownFileType = sourcecode.swift; path = ReceiptsListView.swift; sourceTree = "<group>"; };
		8467FDF527DE05820088A20B /* FavouritesReceiptsView.swift */ = {isa = PBXFileReference; lastKnownFileType = sourcecode.swift; path = FavouritesReceiptsView.swift; sourceTree = "<group>"; };
		8467FDF727DE059D0088A20B /* FavoutitesReceiptsViewModel.swift */ = {isa = PBXFileReference; lastKnownFileType = sourcecode.swift; path = FavoutitesReceiptsViewModel.swift; sourceTree = "<group>"; };
		8467FDF927DE0B820088A20B /* BaseViewModel.swift */ = {isa = PBXFileReference; lastKnownFileType = sourcecode.swift; path = BaseViewModel.swift; sourceTree = "<group>"; };
		8467FDFB27DE26530088A20B /* IngredientsListView.swift */ = {isa = PBXFileReference; lastKnownFileType = sourcecode.swift; path = IngredientsListView.swift; sourceTree = "<group>"; };
		8467FDFE27DE34130088A20B /* IngredientsCartView.swift */ = {isa = PBXFileReference; lastKnownFileType = sourcecode.swift; path = IngredientsCartView.swift; sourceTree = "<group>"; };
		8467FE0027DE34320088A20B /* IngredientsCartViewModel.swift */ = {isa = PBXFileReference; lastKnownFileType = sourcecode.swift; path = IngredientsCartViewModel.swift; sourceTree = "<group>"; };
/* End PBXFileReference section */

/* Begin PBXFrameworksBuildPhase section */
		7555FF78242A565900829871 /* Frameworks */ = {
			isa = PBXFrameworksBuildPhase;
			buildActionMask = 2147483647;
			files = (
			);
			runOnlyForDeploymentPostprocessing = 0;
		};
/* End PBXFrameworksBuildPhase section */

/* Begin PBXGroup section */
		058557D7273AAEEB004C7B11 /* Preview Content */ = {
			isa = PBXGroup;
			children = (
				058557D8273AAEEB004C7B11 /* Preview Assets.xcassets */,
			);
			path = "Preview Content";
			sourceTree = "<group>";
		};
		7555FF72242A565900829871 = {
			isa = PBXGroup;
			children = (
				7555FF7D242A565900829871 /* iosApp */,
				7555FF7C242A565900829871 /* Products */,
				7555FFB0242A642200829871 /* Frameworks */,
			);
			sourceTree = "<group>";
		};
		7555FF7C242A565900829871 /* Products */ = {
			isa = PBXGroup;
			children = (
				7555FF7B242A565900829871 /* iosApp.app */,
			);
			name = Products;
			sourceTree = "<group>";
		};
		7555FF7D242A565900829871 /* iosApp */ = {
			isa = PBXGroup;
			children = (
				842E388A27CB9CAB000BF352 /* Resources */,
				842E388627CB9705000BF352 /* PresentationLayer */,
				058557BA273AAA24004C7B11 /* Assets.xcassets */,
				7555FF8C242A565B00829871 /* Info.plist */,
				2152FB032600AC8F00CF470E /* iOSApp.swift */,
				058557D7273AAEEB004C7B11 /* Preview Content */,
			);
			path = iosApp;
			sourceTree = "<group>";
		};
		7555FFB0242A642200829871 /* Frameworks */ = {
			isa = PBXGroup;
			children = (
			);
			name = Frameworks;
			sourceTree = "<group>";
		};
		842E387F27CB9570000BF352 /* Flow */ = {
			isa = PBXGroup;
			children = (
				8467FDD727DCAAA60088A20B /* Flow.swift */,
				8467FDD927DCAAF80088A20B /* FlowController.swift */,
				8467FDDB27DCAB430088A20B /* FlowControllerView.swift */,
			);
			path = Flow;
			sourceTree = "<group>";
		};
		842E388627CB9705000BF352 /* PresentationLayer */ = {
			isa = PBXGroup;
			children = (
				842E387F27CB9570000BF352 /* Flow */,
				8467FDCE27DC976D0088A20B /* Base */,
				8467FDBE27DBCFE40088A20B /* Timer */,
				843D698327D7683100DEA4AD /* Utils */,
				8451D4DE27CEB6F7005FC01E /* Receipt */,
			);
			path = PresentationLayer;
			sourceTree = "<group>";
		};
		842E388A27CB9CAB000BF352 /* Resources */ = {
			isa = PBXGroup;
			children = (
				842E388B27CB9CBD000BF352 /* Colors.swift */,
				842E389027CBABB8000BF352 /* View+Extensions.swift */,
				842E389427CBFB8E000BF352 /* Images.swift */,
			);
			path = Resources;
			sourceTree = "<group>";
		};
		843D698327D7683100DEA4AD /* Utils */ = {
			isa = PBXGroup;
			children = (
				843D698427D769B300DEA4AD /* Changeable */,
				8467FDF027DCF6DA0088A20B /* Observer.swift */,
			);
			path = Utils;
			sourceTree = "<group>";
		};
		843D698427D769B300DEA4AD /* Changeable */ = {
			isa = PBXGroup;
			children = (
				843D698527D769C900DEA4AD /* ChangeableWrapper.swift */,
				843D698727D76A6400DEA4AD /* Changeable.swift */,
			);
			path = Changeable;
			sourceTree = "<group>";
		};
		8451D4D627CE9C75005FC01E /* SimpleReceipt */ = {
			isa = PBXGroup;
			children = (
				8467FDC927DC8E9C0088A20B /* Models */,
				8451D4DA27CEAB8A005FC01E /* SimpleRecipeView.swift */,
				8467FDCC27DC93F00088A20B /* SimpleRecipeViewModel.swift */,
			);
			path = SimpleReceipt;
			sourceTree = "<group>";
		};
		8451D4DE27CEB6F7005FC01E /* Receipt */ = {
			isa = PBXGroup;
			children = (
				8467FDFD27DE34060088A20B /* Cart */,
				8467FDF227DE02660088A20B /* FavouritesList */,
				8467FDDD27DCC2900088A20B /* ReceiptsList */,
				8451D4DF27CEB708005FC01E /* CommonViews */,
				8451D4D627CE9C75005FC01E /* SimpleReceipt */,
			);
			path = Receipt;
			sourceTree = "<group>";
		};
		8451D4DF27CEB708005FC01E /* CommonViews */ = {
			isa = PBXGroup;
			children = (
				8451D4D827CEA8E4005FC01E /* ReceiptImageView.swift */,
				8467FDF327DE04FA0088A20B /* ReceiptsListView.swift */,
				8467FDFB27DE26530088A20B /* IngredientsListView.swift */,
			);
			path = CommonViews;
			sourceTree = "<group>";
		};
		8467FDBE27DBCFE40088A20B /* Timer */ = {
			isa = PBXGroup;
			children = (
				8467FDBF27DBCFF60088A20B /* TimerView.swift */,
				8467FDC127DBDBE50088A20B /* TimeSelectionView.swift */,
				8467FDEC27DCC4560088A20B /* TimerViewModel.swift */,
				8467FDEE27DCC8620088A20B /* TimeSelectionViewModel.swift */,
			);
			path = Timer;
			sourceTree = "<group>";
		};
		8467FDC927DC8E9C0088A20B /* Models */ = {
			isa = PBXGroup;
			children = (
				8467FDCA27DC8EBC0088A20B /* SimpleRecipe.swift */,
			);
			path = Models;
			sourceTree = "<group>";
		};
		8467FDCE27DC976D0088A20B /* Base */ = {
			isa = PBXGroup;
			children = (
				8467FDCF27DC977D0088A20B /* Model.swift */,
				8467FDF927DE0B820088A20B /* BaseViewModel.swift */,
			);
			path = Base;
			sourceTree = "<group>";
		};
		8467FDDD27DCC2900088A20B /* ReceiptsList */ = {
			isa = PBXGroup;
			children = (
				8467FDDE27DCC2900088A20B /* CategoriesReceiptsListView.swift */,
				8467FDDF27DCC2900088A20B /* Models */,
				8467FDE127DCC2900088A20B /* Subviews */,
				8467FDE327DCC2900088A20B /* ReceiptsViewModel.swift */,
				8467FDE427DCC2900088A20B /* ReceiptsListModel.swift */,
			);
			path = ReceiptsList;
			sourceTree = "<group>";
		};
		8467FDDF27DCC2900088A20B /* Models */ = {
			isa = PBXGroup;
			children = (
				8467FDE027DCC2900088A20B /* Receipt.swift */,
			);
			path = Models;
			sourceTree = "<group>";
		};
		8467FDE127DCC2900088A20B /* Subviews */ = {
			isa = PBXGroup;
			children = (
				8467FDE227DCC2900088A20B /* ReceiptListItemView.swift */,
			);
			path = Subviews;
			sourceTree = "<group>";
		};
		8467FDF227DE02660088A20B /* FavouritesList */ = {
			isa = PBXGroup;
			children = (
				8467FDF527DE05820088A20B /* FavouritesReceiptsView.swift */,
				8467FDF727DE059D0088A20B /* FavoutitesReceiptsViewModel.swift */,
			);
			path = FavouritesList;
			sourceTree = "<group>";
		};
		8467FDFD27DE34060088A20B /* Cart */ = {
			isa = PBXGroup;
			children = (
				8467FDFE27DE34130088A20B /* IngredientsCartView.swift */,
				8467FE0027DE34320088A20B /* IngredientsCartViewModel.swift */,
			);
			path = Cart;
			sourceTree = "<group>";
		};
/* End PBXGroup section */

/* Begin PBXNativeTarget section */
		7555FF7A242A565900829871 /* iosApp */ = {
			isa = PBXNativeTarget;
			buildConfigurationList = 7555FFA5242A565B00829871 /* Build configuration list for PBXNativeTarget "iosApp" */;
			buildPhases = (
				7555FFB5242A651A00829871 /* ShellScript */,
				7555FF77242A565900829871 /* Sources */,
				7555FF78242A565900829871 /* Frameworks */,
				7555FF79242A565900829871 /* Resources */,
				7555FFB4242A642300829871 /* Embed Frameworks */,
			);
			buildRules = (
			);
			dependencies = (
			);
			name = iosApp;
			productName = iosApp;
			productReference = 7555FF7B242A565900829871 /* iosApp.app */;
			productType = "com.apple.product-type.application";
		};
/* End PBXNativeTarget section */

/* Begin PBXProject section */
		7555FF73242A565900829871 /* Project object */ = {
			isa = PBXProject;
			attributes = {
				LastSwiftUpdateCheck = 1130;
				LastUpgradeCheck = 1130;
				ORGANIZATIONNAME = orgName;
				TargetAttributes = {
					7555FF7A242A565900829871 = {
						CreatedOnToolsVersion = 11.3.1;
					};
				};
			};
			buildConfigurationList = 7555FF76242A565900829871 /* Build configuration list for PBXProject "iosApp" */;
			compatibilityVersion = "Xcode 9.3";
			developmentRegion = en;
			hasScannedForEncodings = 0;
			knownRegions = (
				en,
				Base,
			);
			mainGroup = 7555FF72242A565900829871;
			productRefGroup = 7555FF7C242A565900829871 /* Products */;
			projectDirPath = "";
			projectRoot = "";
			targets = (
				7555FF7A242A565900829871 /* iosApp */,
			);
		};
/* End PBXProject section */

/* Begin PBXResourcesBuildPhase section */
		7555FF79242A565900829871 /* Resources */ = {
			isa = PBXResourcesBuildPhase;
			buildActionMask = 2147483647;
			files = (
				058557D9273AAEEB004C7B11 /* Preview Assets.xcassets in Resources */,
				058557BB273AAA24004C7B11 /* Assets.xcassets in Resources */,
			);
			runOnlyForDeploymentPostprocessing = 0;
		};
/* End PBXResourcesBuildPhase section */

/* Begin PBXShellScriptBuildPhase section */
		7555FFB5242A651A00829871 /* ShellScript */ = {
			isa = PBXShellScriptBuildPhase;
			buildActionMask = 2147483647;
			files = (
			);
			inputFileListPaths = (
			);
			inputPaths = (
			);
			outputFileListPaths = (
			);
			outputPaths = (
			);
			runOnlyForDeploymentPostprocessing = 0;
			shellPath = /bin/sh;
			shellScript = "cd \"$SRCROOT/..\"\n./gradlew :shared:embedAndSignAppleFrameworkForXcode\n";
		};
/* End PBXShellScriptBuildPhase section */

/* Begin PBXSourcesBuildPhase section */
		7555FF77242A565900829871 /* Sources */ = {
			isa = PBXSourcesBuildPhase;
			buildActionMask = 2147483647;
			files = (
				8451D4DB27CEAB8A005FC01E /* SimpleRecipeView.swift in Sources */,
				8467FDC027DBCFF60088A20B /* TimerView.swift in Sources */,
				8467FDE727DCC2900088A20B /* Receipt.swift in Sources */,
				843D698627D769C900DEA4AD /* ChangeableWrapper.swift in Sources */,
				842E389127CBABB8000BF352 /* View+Extensions.swift in Sources */,
				842E388C27CB9CBD000BF352 /* Colors.swift in Sources */,
				8467FDC227DBDBE50088A20B /* TimeSelectionView.swift in Sources */,
				842E389527CBFB8E000BF352 /* Images.swift in Sources */,
				2152FB042600AC8F00CF470E /* iOSApp.swift in Sources */,
				8467FDEA27DCC2900088A20B /* ReceiptsListModel.swift in Sources */,
				8467FDEF27DCC8620088A20B /* TimeSelectionViewModel.swift in Sources */,
				8467FDFA27DE0B820088A20B /* BaseViewModel.swift in Sources */,
				8451D4D927CEA8E4005FC01E /* ReceiptImageView.swift in Sources */,
				8467FDFF27DE34130088A20B /* IngredientsCartView.swift in Sources */,
				8467FDDA27DCAAF80088A20B /* FlowController.swift in Sources */,
				8467FDF127DCF6DA0088A20B /* Observer.swift in Sources */,
				8467FDF827DE059D0088A20B /* FavoutitesReceiptsViewModel.swift in Sources */,
				8467FDED27DCC4560088A20B /* TimerViewModel.swift in Sources */,
				8467FDCD27DC93F00088A20B /* SimpleRecipeViewModel.swift in Sources */,
				8467FDD027DC977D0088A20B /* Model.swift in Sources */,
				8467FDCB27DC8EBC0088A20B /* SimpleRecipe.swift in Sources */,
				8467FDE827DCC2900088A20B /* ReceiptListItemView.swift in Sources */,
				8467FE0127DE34320088A20B /* IngredientsCartViewModel.swift in Sources */,
				8467FDF627DE05820088A20B /* FavouritesReceiptsView.swift in Sources */,
				8467FDDC27DCAB430088A20B /* FlowControllerView.swift in Sources */,
				8467FDD827DCAAA60088A20B /* Flow.swift in Sources */,
				8467FDE627DCC2900088A20B /* CategoriesReceiptsListView.swift in Sources */,
				843D698827D76A6400DEA4AD /* Changeable.swift in Sources */,
				8467FDF427DE04FA0088A20B /* ReceiptsListView.swift in Sources */,
				8467FDFC27DE26530088A20B /* IngredientsListView.swift in Sources */,
				8467FDE927DCC2900088A20B /* ReceiptsViewModel.swift in Sources */,
			);
			runOnlyForDeploymentPostprocessing = 0;
		};
/* End PBXSourcesBuildPhase section */

/* Begin XCBuildConfiguration section */
		7555FFA3242A565B00829871 /* Debug */ = {
			isa = XCBuildConfiguration;
			buildSettings = {
				ALWAYS_SEARCH_USER_PATHS = NO;
				CLANG_ANALYZER_NONNULL = YES;
				CLANG_ANALYZER_NUMBER_OBJECT_CONVERSION = YES_AGGRESSIVE;
				CLANG_CXX_LANGUAGE_STANDARD = "gnu++14";
				CLANG_CXX_LIBRARY = "libc++";
				CLANG_ENABLE_MODULES = YES;
				CLANG_ENABLE_OBJC_ARC = YES;
				CLANG_ENABLE_OBJC_WEAK = YES;
				CLANG_WARN_BLOCK_CAPTURE_AUTORELEASING = YES;
				CLANG_WARN_BOOL_CONVERSION = YES;
				CLANG_WARN_COMMA = YES;
				CLANG_WARN_CONSTANT_CONVERSION = YES;
				CLANG_WARN_DEPRECATED_OBJC_IMPLEMENTATIONS = YES;
				CLANG_WARN_DIRECT_OBJC_ISA_USAGE = YES_ERROR;
				CLANG_WARN_DOCUMENTATION_COMMENTS = YES;
				CLANG_WARN_EMPTY_BODY = YES;
				CLANG_WARN_ENUM_CONVERSION = YES;
				CLANG_WARN_INFINITE_RECURSION = YES;
				CLANG_WARN_INT_CONVERSION = YES;
				CLANG_WARN_NON_LITERAL_NULL_CONVERSION = YES;
				CLANG_WARN_OBJC_IMPLICIT_RETAIN_SELF = YES;
				CLANG_WARN_OBJC_LITERAL_CONVERSION = YES;
				CLANG_WARN_OBJC_ROOT_CLASS = YES_ERROR;
				CLANG_WARN_QUOTED_INCLUDE_IN_FRAMEWORK_HEADER = YES;
				CLANG_WARN_RANGE_LOOP_ANALYSIS = YES;
				CLANG_WARN_STRICT_PROTOTYPES = YES;
				CLANG_WARN_SUSPICIOUS_MOVE = YES;
				CLANG_WARN_UNGUARDED_AVAILABILITY = YES_AGGRESSIVE;
				CLANG_WARN_UNREACHABLE_CODE = YES;
				CLANG_WARN__DUPLICATE_METHOD_MATCH = YES;
				COPY_PHASE_STRIP = NO;
				DEBUG_INFORMATION_FORMAT = "dwarf-with-dsym";
				ENABLE_STRICT_OBJC_MSGSEND = YES;
				ENABLE_TESTABILITY = YES;
				GCC_C_LANGUAGE_STANDARD = gnu11;
				GCC_DYNAMIC_NO_PIC = NO;
				GCC_NO_COMMON_BLOCKS = YES;
				GCC_OPTIMIZATION_LEVEL = 0;
				GCC_PREPROCESSOR_DEFINITIONS = (
					"DEBUG=1",
					"$(inherited)",
				);
				GCC_WARN_64_TO_32_BIT_CONVERSION = YES;
				GCC_WARN_ABOUT_RETURN_TYPE = YES_ERROR;
				GCC_WARN_UNDECLARED_SELECTOR = YES;
				GCC_WARN_UNINITIALIZED_AUTOS = YES_AGGRESSIVE;
				GCC_WARN_UNUSED_FUNCTION = YES;
				GCC_WARN_UNUSED_VARIABLE = YES;
				IPHONEOS_DEPLOYMENT_TARGET = 15.0;
				MTL_ENABLE_DEBUG_INFO = INCLUDE_SOURCE;
				MTL_FAST_MATH = YES;
				ONLY_ACTIVE_ARCH = YES;
				SDKROOT = iphoneos;
				SWIFT_ACTIVE_COMPILATION_CONDITIONS = DEBUG;
				SWIFT_OPTIMIZATION_LEVEL = "-Onone";
			};
			name = Debug;
		};
		7555FFA4242A565B00829871 /* Release */ = {
			isa = XCBuildConfiguration;
			buildSettings = {
				ALWAYS_SEARCH_USER_PATHS = NO;
				CLANG_ANALYZER_NONNULL = YES;
				CLANG_ANALYZER_NUMBER_OBJECT_CONVERSION = YES_AGGRESSIVE;
				CLANG_CXX_LANGUAGE_STANDARD = "gnu++14";
				CLANG_CXX_LIBRARY = "libc++";
				CLANG_ENABLE_MODULES = YES;
				CLANG_ENABLE_OBJC_ARC = YES;
				CLANG_ENABLE_OBJC_WEAK = YES;
				CLANG_WARN_BLOCK_CAPTURE_AUTORELEASING = YES;
				CLANG_WARN_BOOL_CONVERSION = YES;
				CLANG_WARN_COMMA = YES;
				CLANG_WARN_CONSTANT_CONVERSION = YES;
				CLANG_WARN_DEPRECATED_OBJC_IMPLEMENTATIONS = YES;
				CLANG_WARN_DIRECT_OBJC_ISA_USAGE = YES_ERROR;
				CLANG_WARN_DOCUMENTATION_COMMENTS = YES;
				CLANG_WARN_EMPTY_BODY = YES;
				CLANG_WARN_ENUM_CONVERSION = YES;
				CLANG_WARN_INFINITE_RECURSION = YES;
				CLANG_WARN_INT_CONVERSION = YES;
				CLANG_WARN_NON_LITERAL_NULL_CONVERSION = YES;
				CLANG_WARN_OBJC_IMPLICIT_RETAIN_SELF = YES;
				CLANG_WARN_OBJC_LITERAL_CONVERSION = YES;
				CLANG_WARN_OBJC_ROOT_CLASS = YES_ERROR;
				CLANG_WARN_QUOTED_INCLUDE_IN_FRAMEWORK_HEADER = YES;
				CLANG_WARN_RANGE_LOOP_ANALYSIS = YES;
				CLANG_WARN_STRICT_PROTOTYPES = YES;
				CLANG_WARN_SUSPICIOUS_MOVE = YES;
				CLANG_WARN_UNGUARDED_AVAILABILITY = YES_AGGRESSIVE;
				CLANG_WARN_UNREACHABLE_CODE = YES;
				CLANG_WARN__DUPLICATE_METHOD_MATCH = YES;
				COPY_PHASE_STRIP = NO;
				DEBUG_INFORMATION_FORMAT = "dwarf-with-dsym";
				ENABLE_NS_ASSERTIONS = NO;
				ENABLE_STRICT_OBJC_MSGSEND = YES;
				GCC_C_LANGUAGE_STANDARD = gnu11;
				GCC_NO_COMMON_BLOCKS = YES;
				GCC_WARN_64_TO_32_BIT_CONVERSION = YES;
				GCC_WARN_ABOUT_RETURN_TYPE = YES_ERROR;
				GCC_WARN_UNDECLARED_SELECTOR = YES;
				GCC_WARN_UNINITIALIZED_AUTOS = YES_AGGRESSIVE;
				GCC_WARN_UNUSED_FUNCTION = YES;
				GCC_WARN_UNUSED_VARIABLE = YES;
				IPHONEOS_DEPLOYMENT_TARGET = 15.0;
				MTL_ENABLE_DEBUG_INFO = NO;
				MTL_FAST_MATH = YES;
				SDKROOT = iphoneos;
				SWIFT_COMPILATION_MODE = wholemodule;
				SWIFT_OPTIMIZATION_LEVEL = "-O";
				VALIDATE_PRODUCT = YES;
			};
			name = Release;
		};
		7555FFA6242A565B00829871 /* Debug */ = {
			isa = XCBuildConfiguration;
			buildSettings = {
				ASSETCATALOG_COMPILER_APPICON_NAME = AppIcon;
				CODE_SIGN_STYLE = Automatic;
				DEVELOPMENT_ASSET_PATHS = "\"iosApp/Preview Content\"";
				ENABLE_PREVIEWS = YES;
				FRAMEWORK_SEARCH_PATHS = "$(SRCROOT)/../shared/build/xcode-frameworks/$(CONFIGURATION)/$(SDK_NAME)";
				INFOPLIST_FILE = iosApp/Info.plist;
				LD_RUNPATH_SEARCH_PATHS = (
					"$(inherited)",
					"@executable_path/Frameworks",
				);
				OTHER_LDFLAGS = (
					"$(inherited)",
					"-framework",
					shared,
				);
				PRODUCT_BUNDLE_IDENTIFIER = orgIdentifier.iosApp;
				PRODUCT_NAME = "$(TARGET_NAME)";
				SWIFT_VERSION = 5.0;
				TARGETED_DEVICE_FAMILY = "1,2";
			};
			name = Debug;
		};
		7555FFA7242A565B00829871 /* Release */ = {
			isa = XCBuildConfiguration;
			buildSettings = {
				ASSETCATALOG_COMPILER_APPICON_NAME = AppIcon;
				CODE_SIGN_STYLE = Automatic;
				DEVELOPMENT_ASSET_PATHS = "\"iosApp/Preview Content\"";
				ENABLE_PREVIEWS = YES;
				FRAMEWORK_SEARCH_PATHS = "$(SRCROOT)/../shared/build/xcode-frameworks/$(CONFIGURATION)/$(SDK_NAME)";
				INFOPLIST_FILE = iosApp/Info.plist;
				LD_RUNPATH_SEARCH_PATHS = (
					"$(inherited)",
					"@executable_path/Frameworks",
				);
				OTHER_LDFLAGS = (
					"$(inherited)",
					"-framework",
					shared,
				);
				PRODUCT_BUNDLE_IDENTIFIER = orgIdentifier.iosApp;
				PRODUCT_NAME = "$(TARGET_NAME)";
				SWIFT_VERSION = 5.0;
				TARGETED_DEVICE_FAMILY = "1,2";
			};
			name = Release;
		};
/* End XCBuildConfiguration section */

/* Begin XCConfigurationList section */
		7555FF76242A565900829871 /* Build configuration list for PBXProject "iosApp" */ = {
			isa = XCConfigurationList;
			buildConfigurations = (
				7555FFA3242A565B00829871 /* Debug */,
				7555FFA4242A565B00829871 /* Release */,
			);
			defaultConfigurationIsVisible = 0;
			defaultConfigurationName = Release;
		};
		7555FFA5242A565B00829871 /* Build configuration list for PBXNativeTarget "iosApp" */ = {
			isa = XCConfigurationList;
			buildConfigurations = (
				7555FFA6242A565B00829871 /* Debug */,
				7555FFA7242A565B00829871 /* Release */,
			);
			defaultConfigurationIsVisible = 0;
			defaultConfigurationName = Release;
		};
/* End XCConfigurationList section */
	};
	rootObject = 7555FF73242A565900829871 /* Project object */;
}
